Microsoft Visual Studio Solution File, Format Version 12.00
# Visual Studio Version 16
VisualStudioVersion = 16.0.0.0
MinimumVisualStudioVersion = 16.0.0.0
Project("{9A19103F-16F7-4668-BE54-9A1E7A4F7556}") = "RaviPanjwaniChat.Server", "Server\RaviPanjwaniChat.Server.csproj", "{4D1C39E2-B848-45C1-92F7-DD18F88EF4A0}"
EndProject
Project("{9A19103F-16F7-4668-BE54-9A1E7A4F7556}") = "RaviPanjwaniChat.Client", "Client\RaviPanjwaniChat.Client.csproj", "{7943A88D-73D7-4775-A1CE-DA532F26D883}"
EndProject
Project("{9A19103F-16F7-4668-BE54-9A1E7A4F7556}") = "RaviPanjwaniChat.Shared", "Shared\RaviPanjwaniChat.Shared.csproj", "{25F91AF0-71E8-4B36-AC7F-E413ADEC0325}"
EndProject
Global
	GlobalSection(SolutionConfigurationPlatforms) = preSolution
		Debug|Any CPU = Debug|Any CPU
		Debug|x64 = Debug|x64
		Debug|x86 = Debug|x86
		Release|Any CPU = Release|Any CPU
		Release|x64 = Release|x64
		Release|x86 = Release|x86
	EndGlobalSection
	GlobalSection(ProjectConfigurationPlatforms) = postSolution
		{7943A88D-73D7-4775-A1CE-DA532F26D883}.Debug|Any CPU.ActiveCfg = Debug|Any CPU
		{7943A88D-73D7-4775-A1CE-DA532F26D883}.Debug|Any CPU.Build.0 = Debug|Any CPU
		{7943A88D-73D7-4775-A1CE-DA532F26D883}.Debug|x64.ActiveCfg = Debug|Any CPU
		{7943A88D-73D7-4775-A1CE-DA532F26D883}.Debug|x64.Build.0 = Debug|Any CPU
		{7943A88D-73D7-4775-A1CE-DA532F26D883}.Debug|x86.ActiveCfg = Debug|Any CPU
		{7943A88D-73D7-4775-A1CE-DA532F26D883}.Debug|x86.Build.0 = Debug|Any CPU
		{7943A88D-73D7-4775-A1CE-DA532F26D883}.Release|Any CPU.ActiveCfg = Release|Any CPU
		{7943A88D-73D7-4775-A1CE-DA532F26D883}.Release|Any CPU.Build.0 = Release|Any CPU
		{7943A88D-73D7-4775-A1CE-DA532F26D883}.Release|x64.ActiveCfg = Release|Any CPU
		{7943A88D-73D7-4775-A1CE-DA532F26D883}.Release|x64.Build.0 = Release|Any CPU
		{7943A88D-73D7-4775-A1CE-DA532F26D883}.Release|x86.ActiveCfg = Release|Any CPU
		{7943A88D-73D7-4775-A1CE-DA532F26D883}.Release|x86.Build.0 = Release|Any CPU
		{4D1C39E2-B848-45C1-92F7-DD18F88EF4A0}.Debug|Any CPU.ActiveCfg = Debug|Any CPU
		{4D1C39E2-B848-45C1-92F7-DD18F88EF4A0}.Debug|Any CPU.Build.0 = Debug|Any CPU
		{4D1C39E2-B848-45C1-92F7-DD18F88EF4A0}.Debug|x64.ActiveCfg = Debug|Any CPU
		{4D1C39E2-B848-45C1-92F7-DD18F88EF4A0}.Debug|x64.Build.0 = Debug|Any CPU
		{4D1C39E2-B848-45C1-92F7-DD18F88EF4A0}.Debug|x86.ActiveCfg = Debug|Any CPU
		{4D1C39E2-B848-45C1-92F7-DD18F88EF4A0}.Debug|x86.Build.0 = Debug|Any CPU
		{4D1C39E2-B848-45C1-92F7-DD18F88EF4A0}.Release|Any CPU.ActiveCfg = Release|Any CPU
		{4D1C39E2-B848-45C1-92F7-DD18F88EF4A0}.Release|Any CPU.Build.0 = Release|Any CPU
		{4D1C39E2-B848-45C1-92F7-DD18F88EF4A0}.Release|x64.ActiveCfg = Release|Any CPU
		{4D1C39E2-B848-45C1-92F7-DD18F88EF4A0}.Release|x64.Build.0 = Release|Any CPU
		{4D1C39E2-B848-45C1-92F7-DD18F88EF4A0}.Release|x86.ActiveCfg = Release|Any CPU
		{4D1C39E2-B848-45C1-92F7-DD18F88EF4A0}.Release|x86.Build.0 = Release|Any CPU
		{25F91AF0-71E8-4B36-AC7F-E413ADEC0325}.Debug|Any CPU.ActiveCfg = Debug|Any CPU
		{25F91AF0-71E8-4B36-AC7F-E413ADEC0325}.Debug|Any CPU.Build.0 = Debug|Any CPU
		{25F91AF0-71E8-4B36-AC7F-E413ADEC0325}.Debug|x64.ActiveCfg = Debug|Any CPU
		{25F91AF0-71E8-4B36-AC7F-E413ADEC0325}.Debug|x64.Build.0 = Debug|Any CPU
		{25F91AF0-71E8-4B36-AC7F-E413ADEC0325}.Debug|x86.ActiveCfg = Debug|Any CPU
		{25F91AF0-71E8-4B36-AC7F-E413ADEC0325}.Debug|x86.Build.0 = Debug|Any CPU
		{25F91AF0-71E8-4B36-AC7F-E413ADEC0325}.Release|Any CPU.ActiveCfg = Release|Any CPU
		{25F91AF0-71E8-4B36-AC7F-E413ADEC0325}.Release|Any CPU.Build.0 = Release|Any CPU
		{25F91AF0-71E8-4B36-AC7F-E413ADEC0325}.Release|x64.ActiveCfg = Release|Any CPU
		{25F91AF0-71E8-4B36-AC7F-E413ADEC0325}.Release|x64.Build.0 = Release|Any CPU
		{25F91AF0-71E8-4B36-AC7F-E413ADEC0325}.Release|x86.ActiveCfg = Release|Any CPU
		{25F91AF0-71E8-4B36-AC7F-E413ADEC0325}.Release|x86.Build.0 = Release|Any CPU
	EndGlobalSection
	GlobalSection(SolutionProperties) = preSolution
		HideSolutionNode = FALSE
	EndGlobalSection
	GlobalSection(ExtensibilityGlobals) = postSolution
		SolutionGuid = {A22F7DC8-30E2-4000-93E2-44EE2C6BAFE2}
	EndGlobalSection
EndGlobal